// !$*UTF8*$!
{
	archiveVersion = 1;
	classes = {
	};
	objectVersion = 46;
	objects = {

/* Begin PBXBuildFile section */
		58A893F21D3875F60046D79F /* main.m in Sources */ = {isa = PBXBuildFile; fileRef = 58A893F11D3875F60046D79F /* main.m */; };
		58A893F51D3875F60046D79F /* AppDelegate.m in Sources */ = {isa = PBXBuildFile; fileRef = 58A893F41D3875F60046D79F /* AppDelegate.m */; };
		58A893F81D3875F60046D79F /* ViewController.m in Sources */ = {isa = PBXBuildFile; fileRef = 58A893F71D3875F60046D79F /* ViewController.m */; };
		58A893FB1D3875F60046D79F /* Main.storyboard in Resources */ = {isa = PBXBuildFile; fileRef = 58A893F91D3875F60046D79F /* Main.storyboard */; };
		58A893FD1D3875F60046D79F /* Assets.xcassets in Resources */ = {isa = PBXBuildFile; fileRef = 58A893FC1D3875F60046D79F /* Assets.xcassets */; };
		58A894001D3875F60046D79F /* LaunchScreen.storyboard in Resources */ = {isa = PBXBuildFile; fileRef = 58A893FE1D3875F60046D79F /* LaunchScreen.storyboard */; };
		58A8940B1D3875F60046D79F /* MyPersonLibraryTests.m in Sources */ = {isa = PBXBuildFile; fileRef = 58A8940A1D3875F60046D79F /* MyPersonLibraryTests.m */; };
		58A894161D3875F60046D79F /* MyPersonLibraryUITests.m in Sources */ = {isa = PBXBuildFile; fileRef = 58A894151D3875F60046D79F /* MyPersonLibraryUITests.m */; };
/* End PBXBuildFile section */

/* Begin PBXContainerItemProxy section */
		58A894071D3875F60046D79F /* PBXContainerItemProxy */ = {
			isa = PBXContainerItemProxy;
			containerPortal = 58A893E51D3875F60046D79F /* Project object */;
			proxyType = 1;
			remoteGlobalIDString = 58A893EC1D3875F60046D79F;
			remoteInfo = MyPersonLibrary;
		};
		58A894121D3875F60046D79F /* PBXContainerItemProxy */ = {
			isa = PBXContainerItemProxy;
			containerPortal = 58A893E51D3875F60046D79F /* Project object */;
			proxyType = 1;
			remoteGlobalIDString = 58A893EC1D3875F60046D79F;
			remoteInfo = MyPersonLibrary;
		};
/* End PBXContainerItemProxy section */

/* Begin PBXFileReference section */
		58A893ED1D3875F60046D79F /* MyPersonLibrary.app */ = {isa = PBXFileReference; explicitFileType = wrapper.application; includeInIndex = 0; path = MyPersonLibrary.app; sourceTree = BUILT_PRODUCTS_DIR; };
		58A893F11D3875F60046D79F /* main.m */ = {isa = PBXFileReference; lastKnownFileType = sourcecode.c.objc; path = main.m; sourceTree = "<group>"; };
		58A893F31D3875F60046D79F /* AppDelegate.h */ = {isa = PBXFileReference; lastKnownFileType = sourcecode.c.h; path = AppDelegate.h; sourceTree = "<group>"; };
		58A893F41D3875F60046D79F /* AppDelegate.m */ = {isa = PBXFileReference; lastKnownFileType = sourcecode.c.objc; path = AppDelegate.m; sourceTree = "<group>"; };
		58A893F61D3875F60046D79F /* ViewController.h */ = {isa = PBXFileReference; lastKnownFileType = sourcecode.c.h; path = ViewController.h; sourceTree = "<group>"; };
		58A893F71D3875F60046D79F /* ViewController.m */ = {isa = PBXFileReference; lastKnownFileType = sourcecode.c.objc; path = ViewController.m; sourceTree = "<group>"; };
		58A893FA1D3875F60046D79F /* Base */ = {isa = PBXFileReference; lastKnownFileType = file.storyboard; name = Base; path = Base.lproj/Main.storyboard; sourceTree = "<group>"; };
		58A893FC1D3875F60046D79F /* Assets.xcassets */ = {isa = PBXFileReference; lastKnownFileType = folder.assetcatalog; path = Assets.xcassets; sourceTree = "<group>"; };
		58A893FF1D3875F60046D79F /* Base */ = {isa = PBXFileReference; lastKnownFileType = file.storyboard; name = Base; path = Base.lproj/LaunchScreen.storyboard; sourceTree = "<group>"; };
		58A894011D3875F60046D79F /* Info.plist */ = {isa = PBXFileReference; lastKnownFileType = text.plist.xml; path = Info.plist; sourceTree = "<group>"; };
		58A894061D3875F60046D79F /* MyPersonLibraryTests.xctest */ = {isa = PBXFileReference; explicitFileType = wrapper.cfbundle; includeInIndex = 0; path = MyPersonLibraryTests.xctest; sourceTree = BUILT_PRODUCTS_DIR; };
		58A8940A1D3875F60046D79F /* MyPersonLibraryTests.m */ = {isa = PBXFileReference; lastKnownFileType = sourcecode.c.objc; path = MyPersonLibraryTests.m; sourceTree = "<group>"; };
		58A8940C1D3875F60046D79F /* Info.plist */ = {isa = PBXFileReference; lastKnownFileType = text.plist.xml; path = Info.plist; sourceTree = "<group>"; };
		58A894111D3875F60046D79F /* MyPersonLibraryUITests.xctest */ = {isa = PBXFileReference; explicitFileType = wrapper.cfbundle; includeInIndex = 0; path = MyPersonLibraryUITests.xctest; sourceTree = BUILT_PRODUCTS_DIR; };
		58A894151D3875F60046D79F /* MyPersonLibraryUITests.m */ = {isa = PBXFileReference; lastKnownFileType = sourcecode.c.objc; path = MyPersonLibraryUITests.m; sourceTree = "<group>"; };
		58A894171D3875F60046D79F /* Info.plist */ = {isa = PBXFileReference; lastKnownFileType = text.plist.xml; path = Info.plist; sourceTree = "<group>"; };
/* End PBXFileReference section */

/* Begin PBXFrameworksBuildPhase section */
		58A893EA1D3875F60046D79F /* Frameworks */ = {
			isa = PBXFrameworksBuildPhase;
			buildActionMask = 2147483647;
			files = (
			);
			runOnlyForDeploymentPostprocessing = 0;
		};
		58A894031D3875F60046D79F /* Frameworks */ = {
			isa = PBXFrameworksBuildPhase;
			buildActionMask = 2147483647;
			files = (
			);
			runOnlyForDeploymentPostprocessing = 0;
		};
		58A8940E1D3875F60046D79F /* Frameworks */ = {
			isa = PBXFrameworksBuildPhase;
			buildActionMask = 2147483647;
			files = (
			);
			runOnlyForDeploymentPostprocessing = 0;
		};
/* End PBXFrameworksBuildPhase section */

/* Begin PBXGroup section */
		58A893E41D3875F60046D79F = {
			isa = PBXGroup;
			children = (
				58A893EF1D3875F60046D79F /* MyPersonLibrary */,
				58A894091D3875F60046D79F /* MyPersonLibraryTests */,
				58A894141D3875F60046D79F /* MyPersonLibraryUITests */,
				58A893EE1D3875F60046D79F /* Products */,
			);
			sourceTree = "<group>";
		};
		58A893EE1D3875F60046D79F /* Products */ = {
			isa = PBXGroup;
			children = (
				58A893ED1D3875F60046D79F /* MyPersonLibrary.app */,
				58A894061D3875F60046D79F /* MyPersonLibraryTests.xctest */,
				58A894111D3875F60046D79F /* MyPersonLibraryUITests.xctest */,
			);
			name = Products;
			sourceTree = "<group>";
		};
		58A893EF1D3875F60046D79F /* MyPersonLibrary */ = {
			isa = PBXGroup;
			children = (
				58A893F31D3875F60046D79F /* AppDelegate.h */,
				58A893F41D3875F60046D79F /* AppDelegate.m */,
				58A893F61D3875F60046D79F /* ViewController.h */,
				58A893F71D3875F60046D79F /* ViewController.m */,
				58A893F91D3875F60046D79F /* Main.storyboard */,
				58A893FC1D3875F60046D79F /* Assets.xcassets */,
				58A893FE1D3875F60046D79F /* LaunchScreen.storyboard */,
				58A894011D3875F60046D79F /* Info.plist */,
				58A893F01D3875F60046D79F /* Supporting Files */,
			);
			path = MyPersonLibrary;
			sourceTree = "<group>";
		};
		58A893F01D3875F60046D79F /* Supporting Files */ = {
			isa = PBXGroup;
			children = (
				58A893F11D3875F60046D79F /* main.m */,
			);
			name = "Supporting Files";
			sourceTree = "<group>";
		};
		58A894091D3875F60046D79F /* MyPersonLibraryTests */ = {
			isa = PBXGroup;
			children = (
				58A8940A1D3875F60046D79F /* MyPersonLibraryTests.m */,
				58A8940C1D3875F60046D79F /* Info.plist */,
			);
			path = MyPersonLibraryTests;
			sourceTree = "<group>";
		};
		58A894141D3875F60046D79F /* MyPersonLibraryUITests */ = {
			isa = PBXGroup;
			children = (
				58A894151D3875F60046D79F /* MyPersonLibraryUITests.m */,
				58A894171D3875F60046D79F /* Info.plist */,
			);
			path = MyPersonLibraryUITests;
			sourceTree = "<group>";
		};
/* End PBXGroup section */

/* Begin PBXNativeTarget section */
		58A893EC1D3875F60046D79F /* MyPersonLibrary */ = {
			isa = PBXNativeTarget;
			buildConfigurationList = 58A8941A1D3875F60046D79F /* Build configuration list for PBXNativeTarget "MyPersonLibrary" */;
			buildPhases = (
				58A893E91D3875F60046D79F /* Sources */,
				58A893EA1D3875F60046D79F /* Frameworks */,
				58A893EB1D3875F60046D79F /* Resources */,
			);
			buildRules = (
			);
			dependencies = (
			);
			name = MyPersonLibrary;
			productName = MyPersonLibrary;
			productReference = 58A893ED1D3875F60046D79F /* MyPersonLibrary.app */;
			productType = "com.apple.product-type.application";
		};
		58A894051D3875F60046D79F /* MyPersonLibraryTests */ = {
			isa = PBXNativeTarget;
			buildConfigurationList = 58A8941D1D3875F60046D79F /* Build configuration list for PBXNativeTarget "MyPersonLibraryTests" */;
			buildPhases = (
				58A894021D3875F60046D79F /* Sources */,
				58A894031D3875F60046D79F /* Frameworks */,
				58A894041D3875F60046D79F /* Resources */,
			);
			buildRules = (
			);
			dependencies = (
				58A894081D3875F60046D79F /* PBXTargetDependency */,
			);
			name = MyPersonLibraryTests;
			productName = MyPersonLibraryTests;
			productReference = 58A894061D3875F60046D79F /* MyPersonLibraryTests.xctest */;
			productType = "com.apple.product-type.bundle.unit-test";
		};
		58A894101D3875F60046D79F /* MyPersonLibraryUITests */ = {
			isa = PBXNativeTarget;
			buildConfigurationList = 58A894201D3875F60046D79F /* Build configuration list for PBXNativeTarget "MyPersonLibraryUITests" */;
			buildPhases = (
				58A8940D1D3875F60046D79F /* Sources */,
				58A8940E1D3875F60046D79F /* Frameworks */,
				58A8940F1D3875F60046D79F /* Resources */,
			);
			buildRules = (
			);
			dependencies = (
				58A894131D3875F60046D79F /* PBXTargetDependency */,
			);
			name = MyPersonLibraryUITests;
			productName = MyPersonLibraryUITests;
			productReference = 58A894111D3875F60046D79F /* MyPersonLibraryUITests.xctest */;
			productType = "com.apple.product-type.bundle.ui-testing";
		};
/* End PBXNativeTarget section */

/* Begin PBXProject section */
		58A893E51D3875F60046D79F /* Project object */ = {
			isa = PBXProject;
			attributes = {
				LastUpgradeCheck = 0730;
				ORGANIZATIONNAME = com.JimmyLTS.www;
				TargetAttributes = {
					58A893EC1D3875F60046D79F = {
						CreatedOnToolsVersion = 7.3;
					};
					58A894051D3875F60046D79F = {
						CreatedOnToolsVersion = 7.3;
						TestTargetID = 58A893EC1D3875F60046D79F;
					};
					58A894101D3875F60046D79F = {
						CreatedOnToolsVersion = 7.3;
						TestTargetID = 58A893EC1D3875F60046D79F;
					};
				};
			};
			buildConfigurationList = 58A893E81D3875F60046D79F /* Build configuration list for PBXProject "MyPersonLibrary" */;
			compatibilityVersion = "Xcode 3.2";
			developmentRegion = English;
			hasScannedForEncodings = 0;
			knownRegions = (
				en,
				Base,
			);
			mainGroup = 58A893E41D3875F60046D79F;
			productRefGroup = 58A893EE1D3875F60046D79F /* Products */;
			projectDirPath = "";
			projectRoot = "";
			targets = (
				58A893EC1D3875F60046D79F /* MyPersonLibrary */,
				58A894051D3875F60046D79F /* MyPersonLibraryTests */,
				58A894101D3875F60046D79F /* MyPersonLibraryUITests */,
			);
		};
/* End PBXProject section */

/* Begin PBXResourcesBuildPhase section */
		58A893EB1D3875F60046D79F /* Resources */ = {
			isa = PBXResourcesBuildPhase;
			buildActionMask = 2147483647;
			files = (
				58A894001D3875F60046D79F /* LaunchScreen.storyboard in Resources */,
				58A893FD1D3875F60046D79F /* Assets.xcassets in Resources */,
				58A893FB1D3875F60046D79F /* Main.storyboard in Resources */,
			);
			runOnlyForDeploymentPostprocessing = 0;
		};
		58A894041D3875F60046D79F /* Resources */ = {
			isa = PBXResourcesBuildPhase;
			buildActionMask = 2147483647;
			files = (
			);
			runOnlyForDeploymentPostprocessing = 0;
		};
		58A8940F1D3875F60046D79F /* Resources */ = {
			isa = PBXResourcesBuildPhase;
			buildActionMask = 2147483647;
			files = (
			);
			runOnlyForDeploymentPostprocessing = 0;
		};
/* End PBXResourcesBuildPhase section */

/* Begin PBXSourcesBuildPhase section */
		58A893E91D3875F60046D79F /* Sources */ = {
			isa = PBXSourcesBuildPhase;
			buildActionMask = 2147483647;
			files = (
				58A893F81D3875F60046D79F /* ViewController.m in Sources */,
				58A893F51D3875F60046D79F /* AppDelegate.m in Sources */,
				58A893F21D3875F60046D79F /* main.m in Sources */,
			);
			runOnlyForDeploymentPostprocessing = 0;
		};
		58A894021D3875F60046D79F /* Sources */ = {
			isa = PBXSourcesBuildPhase;
			buildActionMask = 2147483647;
			files = (
				58A8940B1D3875F60046D79F /* MyPersonLibraryTests.m in Sources */,
			);
			runOnlyForDeploymentPostprocessing = 0;
		};
		58A8940D1D3875F60046D79F /* Sources */ = {
			isa = PBXSourcesBuildPhase;
			buildActionMask = 2147483647;
			files = (
				58A894161D3875F60046D79F /* MyPersonLibraryUITests.m in Sources */,
			);
			runOnlyForDeploymentPostprocessing = 0;
		};
/* End PBXSourcesBuildPhase section */

/* Begin PBXTargetDependency section */
		58A894081D3875F60046D79F /* PBXTargetDependency */ = {
			isa = PBXTargetDependency;
			target = 58A893EC1D3875F60046D79F /* MyPersonLibrary */;
			targetProxy = 58A894071D3875F60046D79F /* PBXContainerItemProxy */;
		};
		58A894131D3875F60046D79F /* PBXTargetDependency */ = {
			isa = PBXTargetDependency;
			target = 58A893EC1D3875F60046D79F /* MyPersonLibrary */;
			targetProxy = 58A894121D3875F60046D79F /* PBXContainerItemProxy */;
		};
/* End PBXTargetDependency section */

/* Begin PBXVariantGroup section */
		58A893F91D3875F60046D79F /* Main.storyboard */ = {
			isa = PBXVariantGroup;
			children = (
				58A893FA1D3875F60046D79F /* Base */,
			);
			name = Main.storyboard;
			sourceTree = "<group>";
		};
		58A893FE1D3875F60046D79F /* LaunchScreen.storyboard */ = {
			isa = PBXVariantGroup;
			children = (
				58A893FF1D3875F60046D79F /* Base */,
			);
			name = LaunchScreen.storyboard;
			sourceTree = "<group>";
		};
/* End PBXVariantGroup section */

/* Begin XCBuildConfiguration section */
		58A894181D3875F60046D79F /* Debug */ = {
			isa = XCBuildConfiguration;
			buildSettings = {
				ALWAYS_SEARCH_USER_PATHS = NO;
				CLANG_ANALYZER_NONNULL = YES;
				CLANG_CXX_LANGUAGE_STANDARD = "gnu++0x";
				CLANG_CXX_LIBRARY = "libc++";
				CLANG_ENABLE_MODULES = YES;
				CLANG_ENABLE_OBJC_ARC = YES;
				CLANG_WARN_BOOL_CONVERSION = YES;
				CLANG_WARN_CONSTANT_CONVERSION = YES;
				CLANG_WARN_DIRECT_OBJC_ISA_USAGE = YES_ERROR;
				CLANG_WARN_EMPTY_BODY = YES;
				CLANG_WARN_ENUM_CONVERSION = YES;
				CLANG_WARN_INT_CONVERSION = YES;
				CLANG_WARN_OBJC_ROOT_CLASS = YES_ERROR;
				CLANG_WARN_UNREACHABLE_CODE = YES;
				CLANG_WARN__DUPLICATE_METHOD_MATCH = YES;
				"CODE_SIGN_IDENTITY[sdk=iphoneos*]" = "iPhone Developer";
				COPY_PHASE_STRIP = NO;
				DEBUG_INFORMATION_FORMAT = dwarf;
				ENABLE_STRICT_OBJC_MSGSEND = YES;
				ENABLE_TESTABILITY = YES;
				GCC_C_LANGUAGE_STANDARD = gnu99;
				GCC_DYNAMIC_NO_PIC = NO;
				GCC_NO_COMMON_BLOCKS = YES;
				GCC_OPTIMIZATION_LEVEL = 0;
				GCC_PREPROCESSOR_DEFINITIONS = (
					"DEBUG=1",
					"$(inherited)",
				);
				GCC_WARN_64_TO_32_BIT_CONVERSION = YES;
				GCC_WARN_ABOUT_RETURN_TYPE = YES_ERROR;
				GCC_WARN_UNDECLARED_SELECTOR = YES;
				GCC_WARN_UNINITIALIZED_AUTOS = YES_AGGRESSIVE;
				GCC_WARN_UNUSED_FUNCTION = YES;
				GCC_WARN_UNUSED_VARIABLE = YES;
				IPHONEOS_DEPLOYMENT_TARGET = 9.3;
				MTL_ENABLE_DEBUG_INFO = YES;
				ONLY_ACTIVE_ARCH = YES;
				SDKROOT = iphoneos;
			};
			name = Debug;
		};
		58A894191D3875F60046D79F /* Release */ = {
			isa = XCBuildConfiguration;
			buildSettings = {
				ALWAYS_SEARCH_USER_PATHS = NO;
				CLANG_ANALYZER_NONNULL = YES;
				CLANG_CXX_LANGUAGE_STANDARD = "gnu++0x";
				CLANG_CXX_LIBRARY = "libc++";
				CLANG_ENABLE_MODULES = YES;
				CLANG_ENABLE_OBJC_ARC = YES;
				CLANG_WARN_BOOL_CONVERSION = YES;
				CLANG_WARN_CONSTANT_CONVERSION = YES;
				CLANG_WARN_DIRECT_OBJC_ISA_USAGE = YES_ERROR;
				CLANG_WARN_EMPTY_BODY = YES;
				CLANG_WARN_ENUM_CONVERSION = YES;
				CLANG_WARN_INT_CONVERSION = YES;
				CLANG_WARN_OBJC_ROOT_CLASS = YES_ERROR;
				CLANG_WARN_UNREACHABLE_CODE = YES;
				CLANG_WARN__DUPLICATE_METHOD_MATCH = YES;
				"CODE_SIGN_IDENTITY[sdk=iphoneos*]" = "iPhone Developer";
				COPY_PHASE_STRIP = NO;
				DEBUG_INFORMATION_FORMAT = "dwarf-with-dsym";
				ENABLE_NS_ASSERTIONS = NO;
				ENABLE_STRICT_OBJC_MSGSEND = YES;
				GCC_C_LANGUAGE_STANDARD = gnu99;
				GCC_NO_COMMON_BLOCKS = YES;
				GCC_WARN_64_TO_32_BIT_CONVERSION = YES;
				GCC_WARN_ABOUT_RETURN_TYPE = YES_ERROR;
				GCC_WARN_UNDECLARED_SELECTOR = YES;
				GCC_WARN_UNINITIALIZED_AUTOS = YES_AGGRESSIVE;
				GCC_WARN_UNUSED_FUNCTION = YES;
				GCC_WARN_UNUSED_VARIABLE = YES;
				IPHONEOS_DEPLOYMENT_TARGET = 9.3;
				MTL_ENABLE_DEBUG_INFO = NO;
				SDKROOT = iphoneos;
				VALIDATE_PRODUCT = YES;
			};
			name = Release;
		};
		58A8941B1D3875F60046D79F /* Debug */ = {
			isa = XCBuildConfiguration;
			buildSettings = {
				ASSETCATALOG_COMPILER_APPICON_NAME = AppIcon;
				INFOPLIST_FILE = MyPersonLibrary/Info.plist;
				IPHONEOS_DEPLOYMENT_TARGET = 8.0;
				LD_RUNPATH_SEARCH_PATHS = "$(inherited) @executable_path/Frameworks";
				PRODUCT_BUNDLE_IDENTIFIER = com.JimmyLTS.MyPersonLibrary;
				PRODUCT_NAME = "$(TARGET_NAME)";
			};
			name = Debug;
		};
		58A8941C1D3875F60046D79F /* Release */ = {
			isa = XCBuildConfiguration;
			buildSettings = {
				ASSETCATALOG_COMPILER_APPICON_NAME = AppIcon;
				INFOPLIST_FILE = MyPersonLibrary/Info.plist;
				IPHONEOS_DEPLOYMENT_TARGET = 8.0;
				LD_RUNPATH_SEARCH_PATHS = "$(inherited) @executable_path/Frameworks";
				PRODUCT_BUNDLE_IDENTIFIER = com.JimmyLTS.MyPersonLibrary;
				PRODUCT_NAME = "$(TARGET_NAME)";
			};
			name = Release;
		};
		58A8941E1D3875F60046D79F /* Debug */ = {
			isa = XCBuildConfiguration;
			buildSettings = {
				BUNDLE_LOADER = "$(TEST_HOST)";
				INFOPLIST_FILE = MyPersonLibraryTests/Info.plist;
				LD_RUNPATH_SEARCH_PATHS = "$(inherited) @executable_path/Frameworks @loader_path/Frameworks";
				PRODUCT_BUNDLE_IDENTIFIER = com.JimmyLTS.MyPersonLibraryTests;
				PRODUCT_NAME = "$(TARGET_NAME)";
				TEST_HOST = "$(BUILT_PRODUCTS_DIR)/MyPersonLibrary.app/MyPersonLibrary";
			};
			name = Debug;
		};
		58A8941F1D3875F60046D79F /* Release */ = {
			isa = XCBuildConfiguration;
			buildSettings = {
				BUNDLE_LOADER = "$(TEST_HOST)";
				INFOPLIST_FILE = MyPersonLibraryTests/Info.plist;
				LD_RUNPATH_SEARCH_PATHS = "$(inherited) @executable_path/Frameworks @loader_path/Frameworks";
				PRODUCT_BUNDLE_IDENTIFIER = com.JimmyLTS.MyPersonLibraryTests;
				PRODUCT_NAME = "$(TARGET_NAME)";
				TEST_HOST = "$(BUILT_PRODUCTS_DIR)/MyPersonLibrary.app/MyPersonLibrary";
			};
			name = Release;
		};
		58A894211D3875F60046D79F /* Debug */ = {
			isa = XCBuildConfiguration;
			buildSettings = {
				INFOPLIST_FILE = MyPersonLibraryUITests/Info.plist;
				LD_RUNPATH_SEARCH_PATHS = "$(inherited) @executable_path/Frameworks @loader_path/Frameworks";
				PRODUCT_BUNDLE_IDENTIFIER = com.JimmyLTS.MyPersonLibraryUITests;
				PRODUCT_NAME = "$(TARGET_NAME)";
				TEST_TARGET_NAME = MyPersonLibrary;
			};
			name = Debug;
		};
		58A894221D3875F60046D79F /* Release */ = {
			isa = XCBuildConfiguration;
			buildSettings = {
				INFOPLIST_FILE = MyPersonLibraryUITests/Info.plist;
				LD_RUNPATH_SEARCH_PATHS = "$(inherited) @executable_path/Frameworks @loader_path/Frameworks";
				PRODUCT_BUNDLE_IDENTIFIER = com.JimmyLTS.MyPersonLibraryUITests;
				PRODUCT_NAME = "$(TARGET_NAME)";
				TEST_TARGET_NAME = MyPersonLibrary;
			};
			name = Release;
		};
/* End XCBuildConfiguration section */

/* Begin XCConfigurationList section */
		58A893E81D3875F60046D79F /* Build configuration list for PBXProject "MyPersonLibrary" */ = {
			isa = XCConfigurationList;
			buildConfigurations = (
				58A894181D3875F60046D79F /* Debug */,
				58A894191D3875F60046D79F /* Release */,
			);
			defaultConfigurationIsVisible = 0;
			defaultConfigurationName = Release;
		};
		58A8941A1D3875F60046D79F /* Build configuration list for PBXNativeTarget "MyPersonLibrary" */ = {
			isa = XCConfigurationList;
			buildConfigurations = (
				58A8941B1D3875F60046D79F /* Debug */,
				58A8941C1D3875F60046D79F /* Release */,
			);
			defaultConfigurationIsVisible = 0;
		};
		58A8941D1D3875F60046D79F /* Build configuration list for PBXNativeTarget "MyPersonLibraryTests" */ = {
			isa = XCConfigurationList;
			buildConfigurations = (
				58A8941E1D3875F60046D79F /* Debug */,
				58A8941F1D3875F60046D79F /* Release */,
			);
			defaultConfigurationIsVisible = 0;
		};
		58A894201D3875F60046D79F /* Build configuration list for PBXNativeTarget "MyPersonLibraryUITests" */ = {
			isa = XCConfigurationList;
			buildConfigurations = (
				58A894211D3875F60046D79F /* Debug */,
				58A894221D3875F60046D79F /* Release */,
			);
			defaultConfigurationIsVisible = 0;
		};
/* End XCConfigurationList section */
	};
	rootObject = 58A893E51D3875F60046D79F /* Project object */;
}
